
Microsoft Visual Studio Solution File, Format Version 12.00
# Visual Studio Version 16
VisualStudioVersion = 16.0.29409.12
MinimumVisualStudioVersion = 10.0.40219.1
Project("{8BC9CEB8-8B4A-11D0-8D11-00A0C91BC942}") = "Проект 2", "Проект 2.vcxproj", "{3510C089-E89C-4139-9587-8B08C6E5CE02}"
EndProject
Global
	GlobalSection(SolutionConfigurationPlatforms) = preSolution
		Debug|x64 = Debug|x64
		Debug|x86 = Debug|x86
		Release|x64 = Release|x64
		Release|x86 = Release|x86
	EndGlobalSection
	GlobalSection(ProjectConfigurationPlatforms) = postSolution
		{3510C089-E89C-4139-9587-8B08C6E5CE02}.Debug|x64.ActiveCfg = Debug|x64
		{3510C089-E89C-4139-9587-8B08C6E5CE02}.Debug|x64.Build.0 = Debug|x64
		{3510C089-E89C-4139-9587-8B08C6E5CE02}.Debug|x86.ActiveCfg = Debug|Win32
		{3510C089-E89C-4139-9587-8B08C6E5CE02}.Debug|x86.Build.0 = Debug|Win32
		{3510C089-E89C-4139-9587-8B08C6E5CE02}.Release|x64.ActiveCfg = Release|x64
		{3510C089-E89C-4139-9587-8B08C6E5CE02}.Release|x64.Build.0 = Release|x64
		{3510C089-E89C-4139-9587-8B08C6E5CE02}.Release|x86.ActiveCfg = Release|Win32
		{3510C089-E89C-4139-9587-8B08C6E5CE02}.Release|x86.Build.0 = Release|Win32
	EndGlobalSection
	GlobalSection(SolutionProperties) = preSolution
		HideSolutionNode = FALSE
	EndGlobalSection
	GlobalSection(ExtensibilityGlobals) = postSolution
		SolutionGuid = {5B53D8D3-6294-4A56-9EE6-E6983112A946}
	EndGlobalSection
EndGlobal
