
Microsoft Visual Studio Solution File, Format Version 12.00
# Visual Studio Version 16
VisualStudioVersion = 16.0.29409.12
MinimumVisualStudioVersion = 10.0.40219.1
Project("{8BC9CEB8-8B4A-11D0-8D11-00A0C91BC942}") = "Проект 3", "Проект 3.vcxproj", "{6F84E3AD-CD1E-495F-9F40-42E9429EB0FB}"
EndProject
Global
	GlobalSection(SolutionConfigurationPlatforms) = preSolution
		Debug|x64 = Debug|x64
		Debug|x86 = Debug|x86
		Release|x64 = Release|x64
		Release|x86 = Release|x86
	EndGlobalSection
	GlobalSection(ProjectConfigurationPlatforms) = postSolution
		{6F84E3AD-CD1E-495F-9F40-42E9429EB0FB}.Debug|x64.ActiveCfg = Debug|x64
		{6F84E3AD-CD1E-495F-9F40-42E9429EB0FB}.Debug|x64.Build.0 = Debug|x64
		{6F84E3AD-CD1E-495F-9F40-42E9429EB0FB}.Debug|x86.ActiveCfg = Debug|Win32
		{6F84E3AD-CD1E-495F-9F40-42E9429EB0FB}.Debug|x86.Build.0 = Debug|Win32
		{6F84E3AD-CD1E-495F-9F40-42E9429EB0FB}.Release|x64.ActiveCfg = Release|x64
		{6F84E3AD-CD1E-495F-9F40-42E9429EB0FB}.Release|x64.Build.0 = Release|x64
		{6F84E3AD-CD1E-495F-9F40-42E9429EB0FB}.Release|x86.ActiveCfg = Release|Win32
		{6F84E3AD-CD1E-495F-9F40-42E9429EB0FB}.Release|x86.Build.0 = Release|Win32
	EndGlobalSection
	GlobalSection(SolutionProperties) = preSolution
		HideSolutionNode = FALSE
	EndGlobalSection
	GlobalSection(ExtensibilityGlobals) = postSolution
		SolutionGuid = {6FA5CF15-0CE9-42C3-B9B9-ACF66FFFF275}
	EndGlobalSection
EndGlobal
